
Microsoft Visual Studio Solution File, Format Version 12.00
# Visual Studio Version 16
VisualStudioVersion = 16.0.30804.86
MinimumVisualStudioVersion = 10.0.40219.1
Project("{9A19103F-16F7-4668-BE54-9A1E7A4F7556}") = "Services.Shared.Web", "Services.Shared.Web\Services.Shared.Web.csproj", "{475E9CC0-4281-464E-94A9-54E26D2D72B2}"
EndProject
Project("{9A19103F-16F7-4668-BE54-9A1E7A4F7556}") = "Services.Shared.Services", "Services.Shared.Services\Services.Shared.Services.csproj", "{52D95C35-D88E-4546-B038-2F019CE6BFA7}"
EndProject
Project("{9A19103F-16F7-4668-BE54-9A1E7A4F7556}") = "Services.Shared.Infrastructure", "Services.Shared.Infrastructure\Services.Shared.Infrastructure.csproj", "{FB52BE05-1A82-4F55-B106-537743E9D444}"
EndProject
Project("{9A19103F-16F7-4668-BE54-9A1E7A4F7556}") = "Services.Shared.Domain", "Services.Shared.Domain\Services.Shared.Domain.csproj", "{FA320BF3-7E2F-404E-85A6-619C985701C0}"
EndProject
Project("{9A19103F-16F7-4668-BE54-9A1E7A4F7556}") = "Services.Shared.Extensions", "Services.Shared.Extensions\Services.Shared.Extensions.csproj", "{51D6910E-2BB1-4FC7-B4B9-58069CB57616}"
EndProject
Global
	GlobalSection(SolutionConfigurationPlatforms) = preSolution
		Debug|Any CPU = Debug|Any CPU
		Release|Any CPU = Release|Any CPU
	EndGlobalSection
	GlobalSection(ProjectConfigurationPlatforms) = postSolution
		{475E9CC0-4281-464E-94A9-54E26D2D72B2}.Debug|Any CPU.ActiveCfg = Debug|Any CPU
		{475E9CC0-4281-464E-94A9-54E26D2D72B2}.Debug|Any CPU.Build.0 = Debug|Any CPU
		{475E9CC0-4281-464E-94A9-54E26D2D72B2}.Release|Any CPU.ActiveCfg = Release|Any CPU
		{475E9CC0-4281-464E-94A9-54E26D2D72B2}.Release|Any CPU.Build.0 = Release|Any CPU
		{52D95C35-D88E-4546-B038-2F019CE6BFA7}.Debug|Any CPU.ActiveCfg = Debug|Any CPU
		{52D95C35-D88E-4546-B038-2F019CE6BFA7}.Debug|Any CPU.Build.0 = Debug|Any CPU
		{52D95C35-D88E-4546-B038-2F019CE6BFA7}.Release|Any CPU.ActiveCfg = Release|Any CPU
		{52D95C35-D88E-4546-B038-2F019CE6BFA7}.Release|Any CPU.Build.0 = Release|Any CPU
		{FB52BE05-1A82-4F55-B106-537743E9D444}.Debug|Any CPU.ActiveCfg = Debug|Any CPU
		{FB52BE05-1A82-4F55-B106-537743E9D444}.Debug|Any CPU.Build.0 = Debug|Any CPU
		{FB52BE05-1A82-4F55-B106-537743E9D444}.Release|Any CPU.ActiveCfg = Release|Any CPU
		{FB52BE05-1A82-4F55-B106-537743E9D444}.Release|Any CPU.Build.0 = Release|Any CPU
		{FA320BF3-7E2F-404E-85A6-619C985701C0}.Debug|Any CPU.ActiveCfg = Debug|Any CPU
		{FA320BF3-7E2F-404E-85A6-619C985701C0}.Debug|Any CPU.Build.0 = Debug|Any CPU
		{FA320BF3-7E2F-404E-85A6-619C985701C0}.Release|Any CPU.ActiveCfg = Release|Any CPU
		{FA320BF3-7E2F-404E-85A6-619C985701C0}.Release|Any CPU.Build.0 = Release|Any CPU
		{51D6910E-2BB1-4FC7-B4B9-58069CB57616}.Debug|Any CPU.ActiveCfg = Debug|Any CPU
		{51D6910E-2BB1-4FC7-B4B9-58069CB57616}.Debug|Any CPU.Build.0 = Debug|Any CPU
		{51D6910E-2BB1-4FC7-B4B9-58069CB57616}.Release|Any CPU.ActiveCfg = Release|Any CPU
		{51D6910E-2BB1-4FC7-B4B9-58069CB57616}.Release|Any CPU.Build.0 = Release|Any CPU
	EndGlobalSection
	GlobalSection(SolutionProperties) = preSolution
		HideSolutionNode = FALSE
	EndGlobalSection
	GlobalSection(ExtensibilityGlobals) = postSolution
		SolutionGuid = {C3A7B456-9AE7-4683-93F5-876E9860703B}
	EndGlobalSection
EndGlobal
